
Microsoft Visual Studio Solution File, Format Version 12.00
# Visual Studio Version 17
VisualStudioVersion = 17.7.34031.279
MinimumVisualStudioVersion = 10.0.40219.1
Project("{FAE04EC0-301F-11D3-BF4B-00C04F79EFBC}") = "RTD_Temperature_Controller_DotnetAPI", "RTD_Temperature_Controller_DotnetAPI\RTD_Temperature_Controller_DotnetAPI.csproj", "{F465207B-B79B-4715-9B84-444592986C69}"
EndProject
Global
	GlobalSection(SolutionConfigurationPlatforms) = preSolution
		Debug|Any CPU = Debug|Any CPU
		Release|Any CPU = Release|Any CPU
	EndGlobalSection
	GlobalSection(ProjectConfigurationPlatforms) = postSolution
		{F465207B-B79B-4715-9B84-444592986C69}.Debug|Any CPU.ActiveCfg = Debug|Any CPU
		{F465207B-B79B-4715-9B84-444592986C69}.Debug|Any CPU.Build.0 = Debug|Any CPU
		{F465207B-B79B-4715-9B84-444592986C69}.Release|Any CPU.ActiveCfg = Release|Any CPU
		{F465207B-B79B-4715-9B84-444592986C69}.Release|Any CPU.Build.0 = Release|Any CPU
	EndGlobalSection
	GlobalSection(SolutionProperties) = preSolution
		HideSolutionNode = FALSE
	EndGlobalSection
	GlobalSection(ExtensibilityGlobals) = postSolution
		SolutionGuid = {2290FE3E-49F4-4C75-8901-2BFF9821918C}
	EndGlobalSection
EndGlobal
