
Microsoft Visual Studio Solution File, Format Version 12.00
# Visual Studio Version 17
VisualStudioVersion = 17.7.34031.279
MinimumVisualStudioVersion = 10.0.40219.1
Project("{9A19103F-16F7-4668-BE54-9A1E7A4F7556}") = "RTD_Temperature_Controller_DotnetAPI", "RTD_Temperature_Controller_DotnetAPI\RTD_Temperature_Controller_DotnetAPI.csproj", "{F465207B-B79B-4715-9B84-444592986C69}"
EndProject
Project("{FAE04EC0-301F-11D3-BF4B-00C04F79EFBC}") = "Services", "Services\Services.csproj", "{DD604EEC-4903-43CA-8847-075D084672D3}"
EndProject
Project("{FAE04EC0-301F-11D3-BF4B-00C04F79EFBC}") = "Contracts", "Contracts\Contracts.csproj", "{B92F625C-C7FE-4A50-9699-546FFFDE6A06}"
EndProject
Global
	GlobalSection(SolutionConfigurationPlatforms) = preSolution
		Debug|Any CPU = Debug|Any CPU
		Release|Any CPU = Release|Any CPU
	EndGlobalSection
	GlobalSection(ProjectConfigurationPlatforms) = postSolution
		{F465207B-B79B-4715-9B84-444592986C69}.Debug|Any CPU.ActiveCfg = Debug|Any CPU
		{F465207B-B79B-4715-9B84-444592986C69}.Debug|Any CPU.Build.0 = Debug|Any CPU
		{F465207B-B79B-4715-9B84-444592986C69}.Release|Any CPU.ActiveCfg = Release|Any CPU
		{F465207B-B79B-4715-9B84-444592986C69}.Release|Any CPU.Build.0 = Release|Any CPU
		{DD604EEC-4903-43CA-8847-075D084672D3}.Debug|Any CPU.ActiveCfg = Debug|Any CPU
		{DD604EEC-4903-43CA-8847-075D084672D3}.Debug|Any CPU.Build.0 = Debug|Any CPU
		{DD604EEC-4903-43CA-8847-075D084672D3}.Release|Any CPU.ActiveCfg = Release|Any CPU
		{DD604EEC-4903-43CA-8847-075D084672D3}.Release|Any CPU.Build.0 = Release|Any CPU
		{B92F625C-C7FE-4A50-9699-546FFFDE6A06}.Debug|Any CPU.ActiveCfg = Debug|Any CPU
		{B92F625C-C7FE-4A50-9699-546FFFDE6A06}.Debug|Any CPU.Build.0 = Debug|Any CPU
		{B92F625C-C7FE-4A50-9699-546FFFDE6A06}.Release|Any CPU.ActiveCfg = Release|Any CPU
		{B92F625C-C7FE-4A50-9699-546FFFDE6A06}.Release|Any CPU.Build.0 = Release|Any CPU
	EndGlobalSection
	GlobalSection(SolutionProperties) = preSolution
		HideSolutionNode = FALSE
	EndGlobalSection
	GlobalSection(ExtensibilityGlobals) = postSolution
		SolutionGuid = {2290FE3E-49F4-4C75-8901-2BFF9821918C}
	EndGlobalSection
EndGlobal
